
Microsoft Visual Studio Solution File, Format Version 12.00
# Visual Studio Version 17
VisualStudioVersion = 17.6.33829.357
MinimumVisualStudioVersion = 10.0.40219.1
Project("{FAE04EC0-301F-11D3-BF4B-00C04F79EFBC}") = "FinalProjectExampleOne", "FinalProjectExampleOne\FinalProjectExampleOne.csproj", "{A1130B9F-6C30-45D3-B2F5-838CA1645315}"
EndProject
Global
	GlobalSection(SolutionConfigurationPlatforms) = preSolution
		Debug|Any CPU = Debug|Any CPU
		Release|Any CPU = Release|Any CPU
	EndGlobalSection
	GlobalSection(ProjectConfigurationPlatforms) = postSolution
		{A1130B9F-6C30-45D3-B2F5-838CA1645315}.Debug|Any CPU.ActiveCfg = Debug|Any CPU
		{A1130B9F-6C30-45D3-B2F5-838CA1645315}.Debug|Any CPU.Build.0 = Debug|Any CPU
		{A1130B9F-6C30-45D3-B2F5-838CA1645315}.Release|Any CPU.ActiveCfg = Release|Any CPU
		{A1130B9F-6C30-45D3-B2F5-838CA1645315}.Release|Any CPU.Build.0 = Release|Any CPU
	EndGlobalSection
	GlobalSection(SolutionProperties) = preSolution
		HideSolutionNode = FALSE
	EndGlobalSection
	GlobalSection(ExtensibilityGlobals) = postSolution
		SolutionGuid = {14412FD0-2B10-4167-8253-557176C8D3F5}
	EndGlobalSection
EndGlobal
